
Microsoft Visual Studio Solution File, Format Version 12.00
# Visual Studio 2013
VisualStudioVersion = 12.0.31101.0
MinimumVisualStudioVersion = 10.0.40219.1
Project("{FAE04EC0-301F-11D3-BF4B-00C04F79EFBC}") = "AddCopyright2Image", "AddCopyWrite2Image\AddCopyright2Image.csproj", "{EBC05F61-1669-41A5-BFBE-E88F9705E6ED}"
EndProject
Global
	GlobalSection(TeamFoundationVersionControl) = preSolution
		SccNumberOfProjects = 2
		SccEnterpriseProvider = {4CA58AB2-18FA-4F8D-95D4-32DDF27D184C}
		SccTeamFoundationServer = http://rdrrl5:8080/tfs/miscprojects
		SccLocalPath0 = .
		SccProjectUniqueName1 = AddCopyWrite2Image\\AddCopyright2Image.csproj
		SccProjectName1 = AddCopyWrite2Image
		SccLocalPath1 = AddCopyWrite2Image
	EndGlobalSection
	GlobalSection(SolutionConfigurationPlatforms) = preSolution
		Debug|Any CPU = Debug|Any CPU
		Release|Any CPU = Release|Any CPU
	EndGlobalSection
	GlobalSection(ProjectConfigurationPlatforms) = postSolution
		{EBC05F61-1669-41A5-BFBE-E88F9705E6ED}.Debug|Any CPU.ActiveCfg = Debug|Any CPU
		{EBC05F61-1669-41A5-BFBE-E88F9705E6ED}.Debug|Any CPU.Build.0 = Debug|Any CPU
		{EBC05F61-1669-41A5-BFBE-E88F9705E6ED}.Release|Any CPU.ActiveCfg = Release|Any CPU
		{EBC05F61-1669-41A5-BFBE-E88F9705E6ED}.Release|Any CPU.Build.0 = Release|Any CPU
	EndGlobalSection
	GlobalSection(SolutionProperties) = preSolution
		HideSolutionNode = FALSE
	EndGlobalSection
EndGlobal
